// !$*UTF8*$!
{
	archiveVersion = 1;
	classes = {
	};
	objectVersion = 77;
	objects = {

/* Begin PBXBuildFile section */
		635C827A2F6794C200FC33C8 /* Supabase in Frameworks */ = {isa = PBXBuildFile; productRef = 635C82792F6794C200FC33C8 /* Supabase */; };
		63F34F622F4C2FD900328FA6 /* Auth in Frameworks */ = {isa = PBXBuildFile; productRef = 63F34F612F4C2FD900328FA6 /* Auth */; };
		63F34F642F4C2FD900328FA6 /* Functions in Frameworks */ = {isa = PBXBuildFile; productRef = 63F34F632F4C2FD900328FA6 /* Functions */; };
		63F34F662F4C2FD900328FA6 /* PostgREST in Frameworks */ = {isa = PBXBuildFile; productRef = 63F34F652F4C2FD900328FA6 /* PostgREST */; };
		63F34F682F4C2FD900328FA6 /* Realtime in Frameworks */ = {isa = PBXBuildFile; productRef = 63F34F672F4C2FD900328FA6 /* Realtime */; };
		63F34F6A2F4C2FD900328FA6 /* Storage in Frameworks */ = {isa = PBXBuildFile; productRef = 63F34F692F4C2FD900328FA6 /* Storage */; };
		63F34FE62F4D954E00328FA6 /* GoogleMobileAds in Frameworks */ = {isa = PBXBuildFile; productRef = 63F34FE52F4D954E00328FA6 /* GoogleMobileAds */; };
/* End PBXBuildFile section */

/* Begin PBXFileReference section */
		635C82722F6790C400FC33C8 /* StoreKitTest.framework */ = {isa = PBXFileReference; lastKnownFileType = wrapper.framework; name = StoreKitTest.framework; path = Platforms/iPhoneOS.platform/Developer/Library/Frameworks/StoreKitTest.framework; sourceTree = DEVELOPER_DIR; };
		63F34EEA2F4AD44900328FA6 /* PourDirection.app */ = {isa = PBXFileReference; explicitFileType = wrapper.application; includeInIndex = 0; path = PourDirection.app; sourceTree = BUILT_PRODUCTS_DIR; };
/* End PBXFileReference section */

/* Begin PBXFileSystemSynchronizedBuildFileExceptionSet section */
		63F34F2D2F4BA82000328FA6 /* Exceptions for "PourDirection" folder in "PourDirection" target */ = {
			isa = PBXFileSystemSynchronizedBuildFileExceptionSet;
			membershipExceptions = (
				Info.plist,
			);
			target = 63F34EE92F4AD44900328FA6 /* PourDirection */;
		};
/* End PBXFileSystemSynchronizedBuildFileExceptionSet section */

/* Begin PBXFileSystemSynchronizedRootGroup section */
		63F34EEC2F4AD44900328FA6 /* PourDirection */ = {
			isa = PBXFileSystemSynchronizedRootGroup;
			exceptions = (
				63F34F2D2F4BA82000328FA6 /* Exceptions for "PourDirection" folder in "PourDirection" target */,
			);
			path = PourDirection;
			sourceTree = "<group>";
		};
/* End PBXFileSystemSynchronizedRootGroup section */

/* Begin PBXFrameworksBuildPhase section */
		63F34EE72F4AD44900328FA6 /* Frameworks */ = {
			isa = PBXFrameworksBuildPhase;
			buildActionMask = 2147483647;
			files = (
				635C827A2F6794C200FC33C8 /* Supabase in Frameworks */,
				63F34F662F4C2FD900328FA6 /* PostgREST in Frameworks */,
				63F34F642F4C2FD900328FA6 /* Functions in Frameworks */,
				63F34F622F4C2FD900328FA6 /* Auth in Frameworks */,
				63F34F6A2F4C2FD900328FA6 /* Storage in Frameworks */,
				63F34F682F4C2FD900328FA6 /* Realtime in Frameworks */,
				63F34FE62F4D954E00328FA6 /* GoogleMobileAds in Frameworks */,
			);
			runOnlyForDeploymentPostprocessing = 0;
		};
/* End PBXFrameworksBuildPhase section */

/* Begin PBXGroup section */
		63F34EE12F4AD44900328FA6 = {
			isa = PBXGroup;
			children = (
				63F34EEC2F4AD44900328FA6 /* PourDirection */,
				63F34F6B2F4C306A00328FA6 /* Frameworks */,
				63F34EEB2F4AD44900328FA6 /* Products */,
			);
			sourceTree = "<group>";
		};
		63F34EEB2F4AD44900328FA6 /* Products */ = {
			isa = PBXGroup;
			children = (
				63F34EEA2F4AD44900328FA6 /* PourDirection.app */,
			);
			name = Products;
			sourceTree = "<group>";
		};
		63F34F6B2F4C306A00328FA6 /* Frameworks */ = {
			isa = PBXGroup;
			children = (
				635C82722F6790C400FC33C8 /* StoreKitTest.framework */,
			);
			name = Frameworks;
			sourceTree = "<group>";
		};
/* End PBXGroup section */

/* Begin PBXNativeTarget section */
		63F34EE92F4AD44900328FA6 /* PourDirection */ = {
			isa = PBXNativeTarget;
			buildConfigurationList = 63F34EF52F4AD44B00328FA6 /* Build configuration list for PBXNativeTarget "PourDirection" */;
			buildPhases = (
				63F34EE62F4AD44900328FA6 /* Sources */,
				63F34EE72F4AD44900328FA6 /* Frameworks */,
				63F34EE82F4AD44900328FA6 /* Resources */,
			);
			buildRules = (
			);
			dependencies = (
			);
			fileSystemSynchronizedGroups = (
				63F34EEC2F4AD44900328FA6 /* PourDirection */,
			);
			name = PourDirection;
			packageProductDependencies = (
				63F34F612F4C2FD900328FA6 /* Auth */,
				63F34F632F4C2FD900328FA6 /* Functions */,
				63F34F652F4C2FD900328FA6 /* PostgREST */,
				63F34F672F4C2FD900328FA6 /* Realtime */,
				63F34F692F4C2FD900328FA6 /* Storage */,
				63F34FE52F4D954E00328FA6 /* GoogleMobileAds */,
				635C82792F6794C200FC33C8 /* Supabase */,
			);
			productName = PourDirection;
			productReference = 63F34EEA2F4AD44900328FA6 /* PourDirection.app */;
			productType = "com.apple.product-type.application";
		};
/* End PBXNativeTarget section */

/* Begin PBXProject section */
		63F34EE22F4AD44900328FA6 /* Project object */ = {
			isa = PBXProject;
			attributes = {
				BuildIndependentTargetsInParallel = 1;
				LastSwiftUpdateCheck = 2610;
				LastUpgradeCheck = 2610;
				TargetAttributes = {
					63F34EE92F4AD44900328FA6 = {
						CreatedOnToolsVersion = 26.1.1;
					};
				};
			};
			buildConfigurationList = 63F34EE52F4AD44900328FA6 /* Build configuration list for PBXProject "PourDirection" */;
			developmentRegion = en;
			hasScannedForEncodings = 0;
			knownRegions = (
				en,
				Base,
			);
			mainGroup = 63F34EE12F4AD44900328FA6;
			minimizedProjectReferenceProxies = 1;
			packageReferences = (
				63F34F602F4C2FD900328FA6 /* XCRemoteSwiftPackageReference "supabase-swift" */,
				63F34FE42F4D954E00328FA6 /* XCRemoteSwiftPackageReference "swift-package-manager-google-mobile-ads" */,
			);
			preferredProjectObjectVersion = 77;
			productRefGroup = 63F34EEB2F4AD44900328FA6 /* Products */;
			projectDirPath = "";
			projectRoot = "";
			targets = (
				63F34EE92F4AD44900328FA6 /* PourDirection */,
			);
		};
/* End PBXProject section */

/* Begin PBXResourcesBuildPhase section */
		63F34EE82F4AD44900328FA6 /* Resources */ = {
			isa = PBXResourcesBuildPhase;
			buildActionMask = 2147483647;
			files = (
			);
			runOnlyForDeploymentPostprocessing = 0;
		};
/* End PBXResourcesBuildPhase section */

/* Begin PBXSourcesBuildPhase section */
		63F34EE62F4AD44900328FA6 /* Sources */ = {
			isa = PBXSourcesBuildPhase;
			buildActionMask = 2147483647;
			files = (
			);
			runOnlyForDeploymentPostprocessing = 0;
		};
/* End PBXSourcesBuildPhase section */

/* Begin XCBuildConfiguration section */
		63F34EF32F4AD44B00328FA6 /* Debug */ = {
			isa = XCBuildConfiguration;
			buildSettings = {
				ALWAYS_SEARCH_USER_PATHS = NO;
				ASSETCATALOG_COMPILER_GENERATE_SWIFT_ASSET_SYMBOL_EXTENSIONS = YES;
				CLANG_ANALYZER_NONNULL = YES;
				CLANG_ANALYZER_NUMBER_OBJECT_CONVERSION = YES_AGGRESSIVE;
				CLANG_CXX_LANGUAGE_STANDARD = "gnu++20";
				CLANG_ENABLE_MODULES = YES;
				CLANG_ENABLE_OBJC_ARC = YES;
				CLANG_ENABLE_OBJC_WEAK = YES;
				CLANG_WARN_BLOCK_CAPTURE_AUTORELEASING = YES;
				CLANG_WARN_BOOL_CONVERSION = YES;
				CLANG_WARN_COMMA = YES;
				CLANG_WARN_CONSTANT_CONVERSION = YES;
				CLANG_WARN_DEPRECATED_OBJC_IMPLEMENTATIONS = YES;
				CLANG_WARN_DIRECT_OBJC_ISA_USAGE = YES_ERROR;
				CLANG_WARN_DOCUMENTATION_COMMENTS = YES;
				CLANG_WARN_EMPTY_BODY = YES;
				CLANG_WARN_ENUM_CONVERSION = YES;
				CLANG_WARN_INFINITE_RECURSION = YES;
				CLANG_WARN_INT_CONVERSION = YES;
				CLANG_WARN_NON_LITERAL_NULL_CONVERSION = YES;
				CLANG_WARN_OBJC_IMPLICIT_RETAIN_SELF = YES;
				CLANG_WARN_OBJC_LITERAL_CONVERSION = YES;
				CLANG_WARN_OBJC_ROOT_CLASS = YES_ERROR;
				CLANG_WARN_QUOTED_INCLUDE_IN_FRAMEWORK_HEADER = YES;
				CLANG_WARN_RANGE_LOOP_ANALYSIS = YES;
				CLANG_WARN_STRICT_PROTOTYPES = YES;
				CLANG_WARN_SUSPICIOUS_MOVE = YES;
				CLANG_WARN_UNGUARDED_AVAILABILITY = YES_AGGRESSIVE;
				CLANG_WARN_UNREACHABLE_CODE = YES;
				CLANG_WARN__DUPLICATE_METHOD_MATCH = YES;
				COPY_PHASE_STRIP = NO;
				DEBUG_INFORMATION_FORMAT = dwarf;
				DEVELOPMENT_TEAM = K889GW748T;
				ENABLE_STRICT_OBJC_MSGSEND = YES;
				ENABLE_TESTABILITY = YES;
				ENABLE_USER_SCRIPT_SANDBOXING = YES;
				GCC_C_LANGUAGE_STANDARD = gnu17;
				GCC_DYNAMIC_NO_PIC = NO;
				GCC_NO_COMMON_BLOCKS = YES;
				GCC_OPTIMIZATION_LEVEL = 0;
				GCC_PREPROCESSOR_DEFINITIONS = (
					"DEBUG=1",
					"$(inherited)",
				);
				GCC_WARN_64_TO_32_BIT_CONVERSION = YES;
				GCC_WARN_ABOUT_RETURN_TYPE = YES_ERROR;
				GCC_WARN_UNDECLARED_SELECTOR = YES;
				GCC_WARN_UNINITIALIZED_AUTOS = YES_AGGRESSIVE;
				GCC_WARN_UNUSED_FUNCTION = YES;
				GCC_WARN_UNUSED_VARIABLE = YES;
				IPHONEOS_DEPLOYMENT_TARGET = 26.1;
				LOCALIZATION_PREFERS_STRING_CATALOGS = YES;
				MTL_ENABLE_DEBUG_INFO = INCLUDE_SOURCE;
				MTL_FAST_MATH = YES;
				ONLY_ACTIVE_ARCH = YES;
				SDKROOT = iphoneos;
				SWIFT_ACTIVE_COMPILATION_CONDITIONS = "DEBUG $(inherited)";
				SWIFT_OPTIMIZATION_LEVEL = "-Onone";
			};
			name = Debug;
		};
		63F34EF42F4AD44B00328FA6 /* Release */ = {
			isa = XCBuildConfiguration;
			buildSettings = {
				ALWAYS_SEARCH_USER_PATHS = NO;
				ASSETCATALOG_COMPILER_GENERATE_SWIFT_ASSET_SYMBOL_EXTENSIONS = YES;
				CLANG_ANALYZER_NONNULL = YES;
				CLANG_ANALYZER_NUMBER_OBJECT_CONVERSION = YES_AGGRESSIVE;
				CLANG_CXX_LANGUAGE_STANDARD = "gnu++20";
				CLANG_ENABLE_MODULES = YES;
				CLANG_ENABLE_OBJC_ARC = YES;
				CLANG_ENABLE_OBJC_WEAK = YES;
				CLANG_WARN_BLOCK_CAPTURE_AUTORELEASING = YES;
				CLANG_WARN_BOOL_CONVERSION = YES;
				CLANG_WARN_COMMA = YES;
				CLANG_WARN_CONSTANT_CONVERSION = YES;
				CLANG_WARN_DEPRECATED_OBJC_IMPLEMENTATIONS = YES;
				CLANG_WARN_DIRECT_OBJC_ISA_USAGE = YES_ERROR;
				CLANG_WARN_DOCUMENTATION_COMMENTS = YES;
				CLANG_WARN_EMPTY_BODY = YES;
				CLANG_WARN_ENUM_CONVERSION = YES;
				CLANG_WARN_INFINITE_RECURSION = YES;
				CLANG_WARN_INT_CONVERSION = YES;
				CLANG_WARN_NON_LITERAL_NULL_CONVERSION = YES;
				CLANG_WARN_OBJC_IMPLICIT_RETAIN_SELF = YES;
				CLANG_WARN_OBJC_LITERAL_CONVERSION = YES;
				CLANG_WARN_OBJC_ROOT_CLASS = YES_ERROR;
				CLANG_WARN_QUOTED_INCLUDE_IN_FRAMEWORK_HEADER = YES;
				CLANG_WARN_RANGE_LOOP_ANALYSIS = YES;
				CLANG_WARN_STRICT_PROTOTYPES = YES;
				CLANG_WARN_SUSPICIOUS_MOVE = YES;
				CLANG_WARN_UNGUARDED_AVAILABILITY = YES_AGGRESSIVE;
				CLANG_WARN_UNREACHABLE_CODE = YES;
				CLANG_WARN__DUPLICATE_METHOD_MATCH = YES;
				COPY_PHASE_STRIP = NO;
				DEBUG_INFORMATION_FORMAT = "dwarf-with-dsym";
				DEVELOPMENT_TEAM = K889GW748T;
				ENABLE_NS_ASSERTIONS = NO;
				ENABLE_STRICT_OBJC_MSGSEND = YES;
				ENABLE_USER_SCRIPT_SANDBOXING = YES;
				GCC_C_LANGUAGE_STANDARD = gnu17;
				GCC_NO_COMMON_BLOCKS = YES;
				GCC_WARN_64_TO_32_BIT_CONVERSION = YES;
				GCC_WARN_ABOUT_RETURN_TYPE = YES_ERROR;
				GCC_WARN_UNDECLARED_SELECTOR = YES;
				GCC_WARN_UNINITIALIZED_AUTOS = YES_AGGRESSIVE;
				GCC_WARN_UNUSED_FUNCTION = YES;
				GCC_WARN_UNUSED_VARIABLE = YES;
				IPHONEOS_DEPLOYMENT_TARGET = 26.1;
				LOCALIZATION_PREFERS_STRING_CATALOGS = YES;
				MTL_ENABLE_DEBUG_INFO = NO;
				MTL_FAST_MATH = YES;
				SDKROOT = iphoneos;
				SWIFT_COMPILATION_MODE = wholemodule;
				VALIDATE_PRODUCT = YES;
			};
			name = Release;
		};
		63F34EF62F4AD44B00328FA6 /* Debug */ = {
			isa = XCBuildConfiguration;
			buildSettings = {
				ASSETCATALOG_COMPILER_APPICON_NAME = AppIcon;
				ASSETCATALOG_COMPILER_GLOBAL_ACCENT_COLOR_NAME = AccentColor;
				CODE_SIGN_STYLE = Automatic;
				CURRENT_PROJECT_VERSION = 1;
				DEVELOPMENT_TEAM = K889GW748T;
				ENABLE_PREVIEWS = YES;
				GENERATE_INFOPLIST_FILE = YES;
				INFOPLIST_FILE = PourDirection/Info.plist;
				INFOPLIST_KEY_LSApplicationCategoryType = "public.app-category.lifestyle";
				INFOPLIST_KEY_UIApplicationSceneManifest_Generation = YES;
				INFOPLIST_KEY_UIApplicationSupportsIndirectInputEvents = YES;
				INFOPLIST_KEY_UILaunchScreen_Generation = YES;
				INFOPLIST_KEY_UISupportedInterfaceOrientations_iPad = UIInterfaceOrientationPortrait;
				INFOPLIST_KEY_UISupportedInterfaceOrientations_iPhone = UIInterfaceOrientationPortrait;
				IPHONEOS_DEPLOYMENT_TARGET = 17.6;
				LD_RUNPATH_SEARCH_PATHS = (
					"$(inherited)",
					"@executable_path/Frameworks",
				);
				MARKETING_VERSION = 1.3;
				PRODUCT_BUNDLE_IDENTIFIER = com.willkizell.PourDirection;
				PRODUCT_NAME = "$(TARGET_NAME)";
				STRING_CATALOG_GENERATE_SYMBOLS = YES;
				SUPPORTED_PLATFORMS = "iphoneos iphonesimulator";
				SUPPORTS_MACCATALYST = NO;
				SUPPORTS_MAC_DESIGNED_FOR_IPHONE_IPAD = NO;
				SUPPORTS_XR_DESIGNED_FOR_IPHONE_IPAD = NO;
				SWIFT_APPROACHABLE_CONCURRENCY = YES;
				SWIFT_DEFAULT_ACTOR_ISOLATION = MainActor;
				SWIFT_EMIT_LOC_STRINGS = YES;
				SWIFT_UPCOMING_FEATURE_MEMBER_IMPORT_VISIBILITY = YES;
				SWIFT_VERSION = 5.0;
				TARGETED_DEVICE_FAMILY = 1;
			};
			name = Debug;
		};
		63F34EF72F4AD44B00328FA6 /* Release */ = {
			isa = XCBuildConfiguration;
			buildSettings = {
				ASSETCATALOG_COMPILER_APPICON_NAME = AppIcon;
				ASSETCATALOG_COMPILER_GLOBAL_ACCENT_COLOR_NAME = AccentColor;
				CODE_SIGN_STYLE = Automatic;
				CURRENT_PROJECT_VERSION = 1;
				DEVELOPMENT_TEAM = K889GW748T;
				ENABLE_PREVIEWS = YES;
				GENERATE_INFOPLIST_FILE = YES;
				INFOPLIST_FILE = PourDirection/Info.plist;
				INFOPLIST_KEY_LSApplicationCategoryType = "public.app-category.lifestyle";
				INFOPLIST_KEY_UIApplicationSceneManifest_Generation = YES;
				INFOPLIST_KEY_UIApplicationSupportsIndirectInputEvents = YES;
				INFOPLIST_KEY_UILaunchScreen_Generation = YES;
				INFOPLIST_KEY_UISupportedInterfaceOrientations_iPad = UIInterfaceOrientationPortrait;
				INFOPLIST_KEY_UISupportedInterfaceOrientations_iPhone = UIInterfaceOrientationPortrait;
				IPHONEOS_DEPLOYMENT_TARGET = 17.6;
				LD_RUNPATH_SEARCH_PATHS = (
					"$(inherited)",
					"@executable_path/Frameworks",
				);
				MARKETING_VERSION = 1.3;
				PRODUCT_BUNDLE_IDENTIFIER = com.willkizell.PourDirection;
				PRODUCT_NAME = "$(TARGET_NAME)";
				STRING_CATALOG_GENERATE_SYMBOLS = YES;
				SUPPORTED_PLATFORMS = "iphoneos iphonesimulator";
				SUPPORTS_MACCATALYST = NO;
				SUPPORTS_MAC_DESIGNED_FOR_IPHONE_IPAD = NO;
				SUPPORTS_XR_DESIGNED_FOR_IPHONE_IPAD = NO;
				SWIFT_APPROACHABLE_CONCURRENCY = YES;
				SWIFT_DEFAULT_ACTOR_ISOLATION = MainActor;
				SWIFT_EMIT_LOC_STRINGS = YES;
				SWIFT_UPCOMING_FEATURE_MEMBER_IMPORT_VISIBILITY = YES;
				SWIFT_VERSION = 5.0;
				TARGETED_DEVICE_FAMILY = 1;
			};
			name = Release;
		};
/* End XCBuildConfiguration section */

/* Begin XCConfigurationList section */
		63F34EE52F4AD44900328FA6 /* Build configuration list for PBXProject "PourDirection" */ = {
			isa = XCConfigurationList;
			buildConfigurations = (
				63F34EF32F4AD44B00328FA6 /* Debug */,
				63F34EF42F4AD44B00328FA6 /* Release */,
			);
			defaultConfigurationIsVisible = 0;
			defaultConfigurationName = Release;
		};
		63F34EF52F4AD44B00328FA6 /* Build configuration list for PBXNativeTarget "PourDirection" */ = {
			isa = XCConfigurationList;
			buildConfigurations = (
				63F34EF62F4AD44B00328FA6 /* Debug */,
				63F34EF72F4AD44B00328FA6 /* Release */,
			);
			defaultConfigurationIsVisible = 0;
			defaultConfigurationName = Release;
		};
/* End XCConfigurationList section */

/* Begin XCRemoteSwiftPackageReference section */
		63F34F602F4C2FD900328FA6 /* XCRemoteSwiftPackageReference "supabase-swift" */ = {
			isa = XCRemoteSwiftPackageReference;
			repositoryURL = "https://github.com/supabase/supabase-swift";
			requirement = {
				kind = upToNextMajorVersion;
				minimumVersion = 2.5.1;
			};
		};
		63F34FE42F4D954E00328FA6 /* XCRemoteSwiftPackageReference "swift-package-manager-google-mobile-ads" */ = {
			isa = XCRemoteSwiftPackageReference;
			repositoryURL = "https://github.com/googleads/swift-package-manager-google-mobile-ads";
			requirement = {
				kind = upToNextMajorVersion;
				minimumVersion = 13.0.0;
			};
		};
/* End XCRemoteSwiftPackageReference section */

/* Begin XCSwiftPackageProductDependency section */
		635C82792F6794C200FC33C8 /* Supabase */ = {
			isa = XCSwiftPackageProductDependency;
			package = 63F34F602F4C2FD900328FA6 /* XCRemoteSwiftPackageReference "supabase-swift" */;
			productName = Supabase;
		};
		63F34F612F4C2FD900328FA6 /* Auth */ = {
			isa = XCSwiftPackageProductDependency;
			package = 63F34F602F4C2FD900328FA6 /* XCRemoteSwiftPackageReference "supabase-swift" */;
			productName = Auth;
		};
		63F34F632F4C2FD900328FA6 /* Functions */ = {
			isa = XCSwiftPackageProductDependency;
			package = 63F34F602F4C2FD900328FA6 /* XCRemoteSwiftPackageReference "supabase-swift" */;
			productName = Functions;
		};
		63F34F652F4C2FD900328FA6 /* PostgREST */ = {
			isa = XCSwiftPackageProductDependency;
			package = 63F34F602F4C2FD900328FA6 /* XCRemoteSwiftPackageReference "supabase-swift" */;
			productName = PostgREST;
		};
		63F34F672F4C2FD900328FA6 /* Realtime */ = {
			isa = XCSwiftPackageProductDependency;
			package = 63F34F602F4C2FD900328FA6 /* XCRemoteSwiftPackageReference "supabase-swift" */;
			productName = Realtime;
		};
		63F34F692F4C2FD900328FA6 /* Storage */ = {
			isa = XCSwiftPackageProductDependency;
			package = 63F34F602F4C2FD900328FA6 /* XCRemoteSwiftPackageReference "supabase-swift" */;
			productName = Storage;
		};
		63F34FE52F4D954E00328FA6 /* GoogleMobileAds */ = {
			isa = XCSwiftPackageProductDependency;
			package = 63F34FE42F4D954E00328FA6 /* XCRemoteSwiftPackageReference "swift-package-manager-google-mobile-ads" */;
			productName = GoogleMobileAds;
		};
/* End XCSwiftPackageProductDependency section */
	};
	rootObject = 63F34EE22F4AD44900328FA6 /* Project object */;
}
